
Microsoft Visual Studio Solution File, Format Version 12.00
# Visual Studio Version 17
VisualStudioVersion = 17.7.34202.233
MinimumVisualStudioVersion = 10.0.40219.1
Project("{FAE04EC0-301F-11D3-BF4B-00C04F79EFBC}") = "Qr", "Qr\Qr.csproj", "{A426A622-BAB3-48A8-8A88-BA3A81775238}"
EndProject
Global
	GlobalSection(SolutionConfigurationPlatforms) = preSolution
		Debug|Any CPU = Debug|Any CPU
		Release|Any CPU = Release|Any CPU
	EndGlobalSection
	GlobalSection(ProjectConfigurationPlatforms) = postSolution
		{A426A622-BAB3-48A8-8A88-BA3A81775238}.Debug|Any CPU.ActiveCfg = Debug|Any CPU
		{A426A622-BAB3-48A8-8A88-BA3A81775238}.Debug|Any CPU.Build.0 = Debug|Any CPU
		{A426A622-BAB3-48A8-8A88-BA3A81775238}.Release|Any CPU.ActiveCfg = Release|Any CPU
		{A426A622-BAB3-48A8-8A88-BA3A81775238}.Release|Any CPU.Build.0 = Release|Any CPU
	EndGlobalSection
	GlobalSection(SolutionProperties) = preSolution
		HideSolutionNode = FALSE
	EndGlobalSection
	GlobalSection(ExtensibilityGlobals) = postSolution
		SolutionGuid = {E341A89B-D38D-43BE-BCA0-54C5F093E9C4}
	EndGlobalSection
EndGlobal
